
Microsoft Visual Studio Solution File, Format Version 12.00
# Visual Studio Version 17
VisualStudioVersion = 17.7.34202.233
MinimumVisualStudioVersion = 10.0.40219.1
Project("{FAE04EC0-301F-11D3-BF4B-00C04F79EFBC}") = "Blotenote", "Blotenote\Blotenote.csproj", "{60212171-F0D5-40C1-B4EF-A3EC3F047E92}"
EndProject
Global
	GlobalSection(SolutionConfigurationPlatforms) = preSolution
		Debug|Any CPU = Debug|Any CPU
		Release|Any CPU = Release|Any CPU
	EndGlobalSection
	GlobalSection(ProjectConfigurationPlatforms) = postSolution
		{60212171-F0D5-40C1-B4EF-A3EC3F047E92}.Debug|Any CPU.ActiveCfg = Debug|Any CPU
		{60212171-F0D5-40C1-B4EF-A3EC3F047E92}.Debug|Any CPU.Build.0 = Debug|Any CPU
		{60212171-F0D5-40C1-B4EF-A3EC3F047E92}.Release|Any CPU.ActiveCfg = Release|Any CPU
		{60212171-F0D5-40C1-B4EF-A3EC3F047E92}.Release|Any CPU.Build.0 = Release|Any CPU
	EndGlobalSection
	GlobalSection(SolutionProperties) = preSolution
		HideSolutionNode = FALSE
	EndGlobalSection
	GlobalSection(ExtensibilityGlobals) = postSolution
		SolutionGuid = {C2D29BB8-E628-42AD-8A4B-0D839D592BC0}
	EndGlobalSection
EndGlobal
